// !$*UTF8*$!
{
	archiveVersion = 1;
	classes = {
	};
	objectVersion = 50;
	objects = {

/* Begin PBXBuildFile section */
		8904C3C92285906D00C4A546 /* AppDelegate.swift in Sources */ = {isa = PBXBuildFile; fileRef = 8904C3C82285906D00C4A546 /* AppDelegate.swift */; };
		8904C3CB2285906D00C4A546 /* ViewController.swift in Sources */ = {isa = PBXBuildFile; fileRef = 8904C3CA2285906D00C4A546 /* ViewController.swift */; };
		8904C3CE2285906D00C4A546 /* Main.storyboard in Resources */ = {isa = PBXBuildFile; fileRef = 8904C3CC2285906D00C4A546 /* Main.storyboard */; };
		8904C3D02285907200C4A546 /* Assets.xcassets in Resources */ = {isa = PBXBuildFile; fileRef = 8904C3CF2285907200C4A546 /* Assets.xcassets */; };
		8904C3D32285907200C4A546 /* LaunchScreen.storyboard in Resources */ = {isa = PBXBuildFile; fileRef = 8904C3D12285907200C4A546 /* LaunchScreen.storyboard */; };
		8926C47A2288C15B00113083 /* CustomView.xib in Resources */ = {isa = PBXBuildFile; fileRef = 8926C4792288C15B00113083 /* CustomView.xib */; };
		8926C47C2288C19700113083 /* CustomView.swift in Sources */ = {isa = PBXBuildFile; fileRef = 8926C47B2288C19700113083 /* CustomView.swift */; };
/* End PBXBuildFile section */

/* Begin PBXFileReference section */
		8904C3C52285906D00C4A546 /* TestXIB.app */ = {isa = PBXFileReference; explicitFileType = wrapper.application; includeInIndex = 0; path = TestXIB.app; sourceTree = BUILT_PRODUCTS_DIR; };
		8904C3C82285906D00C4A546 /* AppDelegate.swift */ = {isa = PBXFileReference; lastKnownFileType = sourcecode.swift; path = AppDelegate.swift; sourceTree = "<group>"; };
		8904C3CA2285906D00C4A546 /* ViewController.swift */ = {isa = PBXFileReference; lastKnownFileType = sourcecode.swift; path = ViewController.swift; sourceTree = "<group>"; };
		8904C3CD2285906D00C4A546 /* Base */ = {isa = PBXFileReference; lastKnownFileType = file.storyboard; name = Base; path = Base.lproj/Main.storyboard; sourceTree = "<group>"; };
		8904C3CF2285907200C4A546 /* Assets.xcassets */ = {isa = PBXFileReference; lastKnownFileType = folder.assetcatalog; path = Assets.xcassets; sourceTree = "<group>"; };
		8904C3D22285907200C4A546 /* Base */ = {isa = PBXFileReference; lastKnownFileType = file.storyboard; name = Base; path = Base.lproj/LaunchScreen.storyboard; sourceTree = "<group>"; };
		8904C3D42285907200C4A546 /* Info.plist */ = {isa = PBXFileReference; lastKnownFileType = text.plist.xml; path = Info.plist; sourceTree = "<group>"; };
		8926C4792288C15B00113083 /* CustomView.xib */ = {isa = PBXFileReference; lastKnownFileType = file.xib; path = CustomView.xib; sourceTree = "<group>"; };
		8926C47B2288C19700113083 /* CustomView.swift */ = {isa = PBXFileReference; lastKnownFileType = sourcecode.swift; path = CustomView.swift; sourceTree = "<group>"; };
/* End PBXFileReference section */

/* Begin PBXFrameworksBuildPhase section */
		8904C3C22285906D00C4A546 /* Frameworks */ = {
			isa = PBXFrameworksBuildPhase;
			buildActionMask = 2147483647;
			files = (
			);
			runOnlyForDeploymentPostprocessing = 0;
		};
/* End PBXFrameworksBuildPhase section */

/* Begin PBXGroup section */
		8904C3BC2285906D00C4A546 = {
			isa = PBXGroup;
			children = (
				8904C3C72285906D00C4A546 /* TestXIB */,
				8904C3C62285906D00C4A546 /* Products */,
			);
			sourceTree = "<group>";
		};
		8904C3C62285906D00C4A546 /* Products */ = {
			isa = PBXGroup;
			children = (
				8904C3C52285906D00C4A546 /* TestXIB.app */,
			);
			name = Products;
			sourceTree = "<group>";
		};
		8904C3C72285906D00C4A546 /* TestXIB */ = {
			isa = PBXGroup;
			children = (
				8904C3C82285906D00C4A546 /* AppDelegate.swift */,
				8904C3CA2285906D00C4A546 /* ViewController.swift */,
				8904C3CC2285906D00C4A546 /* Main.storyboard */,
				8904C3CF2285907200C4A546 /* Assets.xcassets */,
				8904C3D12285907200C4A546 /* LaunchScreen.storyboard */,
				8904C3D42285907200C4A546 /* Info.plist */,
				8926C4792288C15B00113083 /* CustomView.xib */,
				8926C47B2288C19700113083 /* CustomView.swift */,
			);
			path = TestXIB;
			sourceTree = "<group>";
		};
/* End PBXGroup section */

/* Begin PBXNativeTarget section */
		8904C3C42285906D00C4A546 /* TestXIB */ = {
			isa = PBXNativeTarget;
			buildConfigurationList = 8904C3D72285907200C4A546 /* Build configuration list for PBXNativeTarget "TestXIB" */;
			buildPhases = (
				8904C3C12285906D00C4A546 /* Sources */,
				8904C3C22285906D00C4A546 /* Frameworks */,
				8904C3C32285906D00C4A546 /* Resources */,
			);
			buildRules = (
			);
			dependencies = (
			);
			name = TestXIB;
			productName = TestXIB;
			productReference = 8904C3C52285906D00C4A546 /* TestXIB.app */;
			productType = "com.apple.product-type.application";
		};
/* End PBXNativeTarget section */

/* Begin PBXProject section */
		8904C3BD2285906D00C4A546 /* Project object */ = {
			isa = PBXProject;
			attributes = {
				LastSwiftUpdateCheck = 1020;
				LastUpgradeCheck = 1020;
				ORGANIZATIONNAME = siemens;
				TargetAttributes = {
					8904C3C42285906D00C4A546 = {
						CreatedOnToolsVersion = 10.2.1;
					};
				};
			};
			buildConfigurationList = 8904C3C02285906D00C4A546 /* Build configuration list for PBXProject "TestXIB" */;
			compatibilityVersion = "Xcode 9.3";
			developmentRegion = en;
			hasScannedForEncodings = 0;
			knownRegions = (
				en,
				Base,
			);
			mainGroup = 8904C3BC2285906D00C4A546;
			productRefGroup = 8904C3C62285906D00C4A546 /* Products */;
			projectDirPath = "";
			projectRoot = "";
			targets = (
				8904C3C42285906D00C4A546 /* TestXIB */,
			);
		};
/* End PBXProject section */

/* Begin PBXResourcesBuildPhase section */
		8904C3C32285906D00C4A546 /* Resources */ = {
			isa = PBXResourcesBuildPhase;
			buildActionMask = 2147483647;
			files = (
				8904C3D32285907200C4A546 /* LaunchScreen.storyboard in Resources */,
				8926C47A2288C15B00113083 /* CustomView.xib in Resources */,
				8904C3D02285907200C4A546 /* Assets.xcassets in Resources */,
				8904C3CE2285906D00C4A546 /* Main.storyboard in Resources */,
			);
			runOnlyForDeploymentPostprocessing = 0;
		};
/* End PBXResourcesBuildPhase section */

/* Begin PBXSourcesBuildPhase section */
		8904C3C12285906D00C4A546 /* Sources */ = {
			isa = PBXSourcesBuildPhase;
			buildActionMask = 2147483647;
			files = (
				8904C3CB2285906D00C4A546 /* ViewController.swift in Sources */,
				8926C47C2288C19700113083 /* CustomView.swift in Sources */,
				8904C3C92285906D00C4A546 /* AppDelegate.swift in Sources */,
			);
			runOnlyForDeploymentPostprocessing = 0;
		};
/* End PBXSourcesBuildPhase section */

/* Begin PBXVariantGroup section */
		8904C3CC2285906D00C4A546 /* Main.storyboard */ = {
			isa = PBXVariantGroup;
			children = (
				8904C3CD2285906D00C4A546 /* Base */,
			);
			name = Main.storyboard;
			sourceTree = "<group>";
		};
		8904C3D12285907200C4A546 /* LaunchScreen.storyboard */ = {
			isa = PBXVariantGroup;
			children = (
				8904C3D22285907200C4A546 /* Base */,
			);
			name = LaunchScreen.storyboard;
			sourceTree = "<group>";
		};
/* End PBXVariantGroup section */

/* Begin XCBuildConfiguration section */
		8904C3D52285907200C4A546 /* Debug */ = {
			isa = XCBuildConfiguration;
			buildSettings = {
				ALWAYS_SEARCH_USER_PATHS = NO;
				CLANG_ANALYZER_NONNULL = YES;
				CLANG_ANALYZER_NUMBER_OBJECT_CONVERSION = YES_AGGRESSIVE;
				CLANG_CXX_LANGUAGE_STANDARD = "gnu++14";
				CLANG_CXX_LIBRARY = "libc++";
				CLANG_ENABLE_MODULES = YES;
				CLANG_ENABLE_OBJC_ARC = YES;
				CLANG_ENABLE_OBJC_WEAK = YES;
				CLANG_WARN_BLOCK_CAPTURE_AUTORELEASING = YES;
				CLANG_WARN_BOOL_CONVERSION = YES;
				CLANG_WARN_COMMA = YES;
				CLANG_WARN_CONSTANT_CONVERSION = YES;
				CLANG_WARN_DEPRECATED_OBJC_IMPLEMENTATIONS = YES;
				CLANG_WARN_DIRECT_OBJC_ISA_USAGE = YES_ERROR;
				CLANG_WARN_DOCUMENTATION_COMMENTS = YES;
				CLANG_WARN_EMPTY_BODY = YES;
				CLANG_WARN_ENUM_CONVERSION = YES;
				CLANG_WARN_INFINITE_RECURSION = YES;
				CLANG_WARN_INT_CONVERSION = YES;
				CLANG_WARN_NON_LITERAL_NULL_CONVERSION = YES;
				CLANG_WARN_OBJC_IMPLICIT_RETAIN_SELF = YES;
				CLANG_WARN_OBJC_LITERAL_CONVERSION = YES;
				CLANG_WARN_OBJC_ROOT_CLASS = YES_ERROR;
				CLANG_WARN_RANGE_LOOP_ANALYSIS = YES;
				CLANG_WARN_STRICT_PROTOTYPES = YES;
				CLANG_WARN_SUSPICIOUS_MOVE = YES;
				CLANG_WARN_UNGUARDED_AVAILABILITY = YES_AGGRESSIVE;
				CLANG_WARN_UNREACHABLE_CODE = YES;
				CLANG_WARN__DUPLICATE_METHOD_MATCH = YES;
				CODE_SIGN_IDENTITY = "iPhone Developer";
				COPY_PHASE_STRIP = NO;
				DEBUG_INFORMATION_FORMAT = dwarf;
				ENABLE_STRICT_OBJC_MSGSEND = YES;
				ENABLE_TESTABILITY = YES;
				GCC_C_LANGUAGE_STANDARD = gnu11;
				GCC_DYNAMIC_NO_PIC = NO;
				GCC_NO_COMMON_BLOCKS = YES;
				GCC_OPTIMIZATION_LEVEL = 0;
				GCC_PREPROCESSOR_DEFINITIONS = (
					"DEBUG=1",
					"$(inherited)",
				);
				GCC_WARN_64_TO_32_BIT_CONVERSION = YES;
				GCC_WARN_ABOUT_RETURN_TYPE = YES_ERROR;
				GCC_WARN_UNDECLARED_SELECTOR = YES;
				GCC_WARN_UNINITIALIZED_AUTOS = YES_AGGRESSIVE;
				GCC_WARN_UNUSED_FUNCTION = YES;
				GCC_WARN_UNUSED_VARIABLE = YES;
				IPHONEOS_DEPLOYMENT_TARGET = 12.2;
				MTL_ENABLE_DEBUG_INFO = INCLUDE_SOURCE;
				MTL_FAST_MATH = YES;
				ONLY_ACTIVE_ARCH = YES;
				SDKROOT = iphoneos;
				SWIFT_ACTIVE_COMPILATION_CONDITIONS = DEBUG;
				SWIFT_OPTIMIZATION_LEVEL = "-Onone";
			};
			name = Debug;
		};
		8904C3D62285907200C4A546 /* Release */ = {
			isa = XCBuildConfiguration;
			buildSettings = {
				ALWAYS_SEARCH_USER_PATHS = NO;
				CLANG_ANALYZER_NONNULL = YES;
				CLANG_ANALYZER_NUMBER_OBJECT_CONVERSION = YES_AGGRESSIVE;
				CLANG_CXX_LANGUAGE_STANDARD = "gnu++14";
				CLANG_CXX_LIBRARY = "libc++";
				CLANG_ENABLE_MODULES = YES;
				CLANG_ENABLE_OBJC_ARC = YES;
				CLANG_ENABLE_OBJC_WEAK = YES;
				CLANG_WARN_BLOCK_CAPTURE_AUTORELEASING = YES;
				CLANG_WARN_BOOL_CONVERSION = YES;
				CLANG_WARN_COMMA = YES;
				CLANG_WARN_CONSTANT_CONVERSION = YES;
				CLANG_WARN_DEPRECATED_OBJC_IMPLEMENTATIONS = YES;
				CLANG_WARN_DIRECT_OBJC_ISA_USAGE = YES_ERROR;
				CLANG_WARN_DOCUMENTATION_COMMENTS = YES;
				CLANG_WARN_EMPTY_BODY = YES;
				CLANG_WARN_ENUM_CONVERSION = YES;
				CLANG_WARN_INFINITE_RECURSION = YES;
				CLANG_WARN_INT_CONVERSION = YES;
				CLANG_WARN_NON_LITERAL_NULL_CONVERSION = YES;
				CLANG_WARN_OBJC_IMPLICIT_RETAIN_SELF = YES;
				CLANG_WARN_OBJC_LITERAL_CONVERSION = YES;
				CLANG_WARN_OBJC_ROOT_CLASS = YES_ERROR;
				CLANG_WARN_RANGE_LOOP_ANALYSIS = YES;
				CLANG_WARN_STRICT_PROTOTYPES = YES;
				CLANG_WARN_SUSPICIOUS_MOVE = YES;
				CLANG_WARN_UNGUARDED_AVAILABILITY = YES_AGGRESSIVE;
				CLANG_WARN_UNREACHABLE_CODE = YES;
				CLANG_WARN__DUPLICATE_METHOD_MATCH = YES;
				CODE_SIGN_IDENTITY = "iPhone Developer";
				COPY_PHASE_STRIP = NO;
				DEBUG_INFORMATION_FORMAT = "dwarf-with-dsym";
				ENABLE_NS_ASSERTIONS = NO;
				ENABLE_STRICT_OBJC_MSGSEND = YES;
				GCC_C_LANGUAGE_STANDARD = gnu11;
				GCC_NO_COMMON_BLOCKS = YES;
				GCC_WARN_64_TO_32_BIT_CONVERSION = YES;
				GCC_WARN_ABOUT_RETURN_TYPE = YES_ERROR;
				GCC_WARN_UNDECLARED_SELECTOR = YES;
				GCC_WARN_UNINITIALIZED_AUTOS = YES_AGGRESSIVE;
				GCC_WARN_UNUSED_FUNCTION = YES;
				GCC_WARN_UNUSED_VARIABLE = YES;
				IPHONEOS_DEPLOYMENT_TARGET = 12.2;
				MTL_ENABLE_DEBUG_INFO = NO;
				MTL_FAST_MATH = YES;
				SDKROOT = iphoneos;
				SWIFT_COMPILATION_MODE = wholemodule;
				SWIFT_OPTIMIZATION_LEVEL = "-O";
				VALIDATE_PRODUCT = YES;
			};
			name = Release;
		};
		8904C3D82285907200C4A546 /* Debug */ = {
			isa = XCBuildConfiguration;
			buildSettings = {
				ASSETCATALOG_COMPILER_APPICON_NAME = AppIcon;
				CODE_SIGN_STYLE = Automatic;
				DEVELOPMENT_TEAM = 7853582X6Q;
				INFOPLIST_FILE = TestXIB/Info.plist;
				LD_RUNPATH_SEARCH_PATHS = (
					"$(inherited)",
					"@executable_path/Frameworks",
				);
				PRODUCT_BUNDLE_IDENTIFIER = com.siemens.TestXIB;
				PRODUCT_NAME = "$(TARGET_NAME)";
				SWIFT_VERSION = 5.0;
				TARGETED_DEVICE_FAMILY = "1,2";
			};
			name = Debug;
		};
		8904C3D92285907200C4A546 /* Release */ = {
			isa = XCBuildConfiguration;
			buildSettings = {
				ASSETCATALOG_COMPILER_APPICON_NAME = AppIcon;
				CODE_SIGN_STYLE = Automatic;
				DEVELOPMENT_TEAM = 7853582X6Q;
				INFOPLIST_FILE = TestXIB/Info.plist;
				LD_RUNPATH_SEARCH_PATHS = (
					"$(inherited)",
					"@executable_path/Frameworks",
				);
				PRODUCT_BUNDLE_IDENTIFIER = com.siemens.TestXIB;
				PRODUCT_NAME = "$(TARGET_NAME)";
				SWIFT_VERSION = 5.0;
				TARGETED_DEVICE_FAMILY = "1,2";
			};
			name = Release;
		};
/* End XCBuildConfiguration section */

/* Begin XCConfigurationList section */
		8904C3C02285906D00C4A546 /* Build configuration list for PBXProject "TestXIB" */ = {
			isa = XCConfigurationList;
			buildConfigurations = (
				8904C3D52285907200C4A546 /* Debug */,
				8904C3D62285907200C4A546 /* Release */,
			);
			defaultConfigurationIsVisible = 0;
			defaultConfigurationName = Release;
		};
		8904C3D72285907200C4A546 /* Build configuration list for PBXNativeTarget "TestXIB" */ = {
			isa = XCConfigurationList;
			buildConfigurations = (
				8904C3D82285907200C4A546 /* Debug */,
				8904C3D92285907200C4A546 /* Release */,
			);
			defaultConfigurationIsVisible = 0;
			defaultConfigurationName = Release;
		};
/* End XCConfigurationList section */
	};
	rootObject = 8904C3BD2285906D00C4A546 /* Project object */;
}
